version = 1
requires-python = "==3.11.9"
resolution-markers = [
    "sys_platform != 'darwin'",
    "sys_platform == 'darwin'",
]
conflicts = [[
    { package = "llvc", extra = "cpu" },
    { package = "llvc", extra = "cu124" },
]]

[[package]]
name = "cffi"
version = "1.17.1"
source = { registry = "https://pypi.org/simple" }
dependencies = [
    { name = "pycparser" },
]
sdist = { url = "https://files.pythonhosted.org/packages/fc/97/c783634659c2920c3fc70419e3af40972dbaf758daa229a7d6ea6135c90d/cffi-1.17.1.tar.gz", hash = "sha256:1c39c6016c32bc48dd54561950ebd6836e1670f2ae46128f67cf49e789c52824", size = 516621 }
wheels = [
    { url = "https://files.pythonhosted.org/packages/6b/f4/927e3a8899e52a27fa57a48607ff7dc91a9ebe97399b357b85a0c7892e00/cffi-1.17.1-cp311-cp311-macosx_10_9_x86_64.whl", hash = "sha256:a45e3c6913c5b87b3ff120dcdc03f6131fa0065027d0ed7ee6190736a74cd401", size = 182264 },
    { url = "https://files.pythonhosted.org/packages/6c/f5/6c3a8efe5f503175aaddcbea6ad0d2c96dad6f5abb205750d1b3df44ef29/cffi-1.17.1-cp311-cp311-macosx_11_0_arm64.whl", hash = "sha256:30c5e0cb5ae493c04c8b42916e52ca38079f1b235c2f8ae5f4527b963c401caf", size = 178651 },
    { url = "https://files.pythonhosted.org/packages/94/dd/a3f0118e688d1b1a57553da23b16bdade96d2f9bcda4d32e7d2838047ff7/cffi-1.17.1-cp311-cp311-manylinux_2_12_i686.manylinux2010_i686.manylinux_2_17_i686.manylinux2014_i686.whl", hash = "sha256:f75c7ab1f9e4aca5414ed4d8e5c0e303a34f4421f8a0d47a4d019ceff0ab6af4", size = 445259 },
    { url = "https://files.pythonhosted.org/packages/2e/ea/70ce63780f096e16ce8588efe039d3c4f91deb1dc01e9c73a287939c79a6/cffi-1.17.1-cp311-cp311-manylinux_2_17_aarch64.manylinux2014_aarch64.whl", hash = "sha256:a1ed2dd2972641495a3ec98445e09766f077aee98a1c896dcb4ad0d303628e41", size = 469200 },
    { url = "https://files.pythonhosted.org/packages/1c/a0/a4fa9f4f781bda074c3ddd57a572b060fa0df7655d2a4247bbe277200146/cffi-1.17.1-cp311-cp311-manylinux_2_17_ppc64le.manylinux2014_ppc64le.whl", hash = "sha256:46bf43160c1a35f7ec506d254e5c890f3c03648a4dbac12d624e4490a7046cd1", size = 477235 },
    { url = "https://files.pythonhosted.org/packages/62/12/ce8710b5b8affbcdd5c6e367217c242524ad17a02fe5beec3ee339f69f85/cffi-1.17.1-cp311-cp311-manylinux_2_17_s390x.manylinux2014_s390x.whl", hash = "sha256:a24ed04c8ffd54b0729c07cee15a81d964e6fee0e3d4d342a27b020d22959dc6", size = 459721 },
    { url = "https://files.pythonhosted.org/packages/ff/6b/d45873c5e0242196f042d555526f92aa9e0c32355a1be1ff8c27f077fd37/cffi-1.17.1-cp311-cp311-manylinux_2_17_x86_64.manylinux2014_x86_64.whl", hash = "sha256:610faea79c43e44c71e1ec53a554553fa22321b65fae24889706c0a84d4ad86d", size = 467242 },
    { url = "https://files.pythonhosted.org/packages/1a/52/d9a0e523a572fbccf2955f5abe883cfa8bcc570d7faeee06336fbd50c9fc/cffi-1.17.1-cp311-cp311-musllinux_1_1_aarch64.whl", hash = "sha256:a9b15d491f3ad5d692e11f6b71f7857e7835eb677955c00cc0aefcd0669adaf6", size = 477999 },
    { url = "https://files.pythonhosted.org/packages/44/74/f2a2460684a1a2d00ca799ad880d54652841a780c4c97b87754f660c7603/cffi-1.17.1-cp311-cp311-musllinux_1_1_i686.whl", hash = "sha256:de2ea4b5833625383e464549fec1bc395c1bdeeb5f25c4a3a82b5a8c756ec22f", size = 454242 },
    { url = "https://files.pythonhosted.org/packages/f8/4a/34599cac7dfcd888ff54e801afe06a19c17787dfd94495ab0c8d35fe99fb/cffi-1.17.1-cp311-cp311-musllinux_1_1_x86_64.whl", hash = "sha256:fc48c783f9c87e60831201f2cce7f3b2e4846bf4d8728eabe54d60700b318a0b", size = 478604 },
    { url = "https://files.pythonhosted.org/packages/34/33/e1b8a1ba29025adbdcda5fb3a36f94c03d771c1b7b12f726ff7fef2ebe36/cffi-1.17.1-cp311-cp311-win32.whl", hash = "sha256:85a950a4ac9c359340d5963966e3e0a94a676bd6245a4b55bc43949eee26a655", size = 171727 },
    { url = "https://files.pythonhosted.org/packages/3d/97/50228be003bb2802627d28ec0627837ac0bf35c90cf769812056f235b2d1/cffi-1.17.1-cp311-cp311-win_amd64.whl", hash = "sha256:caaf0640ef5f5517f49bc275eca1406b0ffa6aa184892812030f04c2abf589a0", size = 181400 },
]

[[package]]
name = "filelock"
version = "3.16.1"
source = { registry = "https://pypi.org/simple" }
sdist = { url = "https://files.pythonhosted.org/packages/9d/db/3ef5bb276dae18d6ec2124224403d1d67bccdbefc17af4cc8f553e341ab1/filelock-3.16.1.tar.gz", hash = "sha256:c249fbfcd5db47e5e2d6d62198e565475ee65e4831e2561c8e313fa7eb961435", size = 18037 }
wheels = [
    { url = "https://files.pythonhosted.org/packages/b9/f8/feced7779d755758a52d1f6635d990b8d98dc0a29fa568bbe0625f18fdf3/filelock-3.16.1-py3-none-any.whl", hash = "sha256:2082e5703d51fbf98ea75855d9d5527e33d8ff23099bec374a134febee6946b0", size = 16163 },
]

[[package]]
name = "fsspec"
version = "2024.12.0"
source = { registry = "https://pypi.org/simple" }
sdist = { url = "https://files.pythonhosted.org/packages/ee/11/de70dee31455c546fbc88301971ec03c328f3d1138cfba14263f651e9551/fsspec-2024.12.0.tar.gz", hash = "sha256:670700c977ed2fb51e0d9f9253177ed20cbde4a3e5c0283cc5385b5870c8533f", size = 291600 }
wheels = [
    { url = "https://files.pythonhosted.org/packages/de/86/5486b0188d08aa643e127774a99bac51ffa6cf343e3deb0583956dca5b22/fsspec-2024.12.0-py3-none-any.whl", hash = "sha256:b520aed47ad9804237ff878b504267a3b0b441e97508bd6d2d8774e3db85cee2", size = 183862 },
]

[[package]]
name = "jinja2"
version = "3.1.5"
source = { registry = "https://pypi.org/simple" }
dependencies = [
    { name = "markupsafe" },
]
sdist = { url = "https://files.pythonhosted.org/packages/af/92/b3130cbbf5591acf9ade8708c365f3238046ac7cb8ccba6e81abccb0ccff/jinja2-3.1.5.tar.gz", hash = "sha256:8fefff8dc3034e27bb80d67c671eb8a9bc424c0ef4c0826edbff304cceff43bb", size = 244674 }
wheels = [
    { url = "https://files.pythonhosted.org/packages/bd/0f/2ba5fbcd631e3e88689309dbe978c5769e883e4b84ebfe7da30b43275c5a/jinja2-3.1.5-py3-none-any.whl", hash = "sha256:aba0f4dc9ed8013c424088f68a5c226f7d6097ed89b246d7749c2ec4175c6adb", size = 134596 },
]

[[package]]
name = "llvc"
version = "0.1.0"
source = { virtual = "." }
dependencies = [
    { name = "sounddevice" },
]

[package.optional-dependencies]
cpu = [
    { name = "torch", version = "2.5.1", source = { registry = "https://download.pytorch.org/whl/cpu" }, marker = "sys_platform == 'darwin'" },
    { name = "torch", version = "2.5.1+cpu", source = { registry = "https://download.pytorch.org/whl/cpu" }, marker = "sys_platform != 'darwin'" },
    { name = "torchvision", version = "0.20.1", source = { registry = "https://download.pytorch.org/whl/cpu" }, marker = "sys_platform == 'darwin'" },
    { name = "torchvision", version = "0.20.1+cpu", source = { registry = "https://download.pytorch.org/whl/cpu" }, marker = "sys_platform != 'darwin'" },
]
cu124 = [
    { name = "torch", version = "2.5.1+cu124", source = { registry = "https://download.pytorch.org/whl/cu124" } },
    { name = "torchvision", version = "0.20.1+cu124", source = { registry = "https://download.pytorch.org/whl/cu124" } },
]

[package.metadata]
requires-dist = [
    { name = "sounddevice", specifier = ">=0.5.1" },
    { name = "torch", marker = "extra == 'cpu'", specifier = ">=2.5.1", index = "https://download.pytorch.org/whl/cpu", conflict = { package = "llvc", extra = "cpu" } },
    { name = "torch", marker = "extra == 'cu124'", specifier = ">=2.5.1", index = "https://download.pytorch.org/whl/cu124", conflict = { package = "llvc", extra = "cu124" } },
    { name = "torchvision", marker = "extra == 'cpu'", specifier = ">=0.20.1", index = "https://download.pytorch.org/whl/cpu", conflict = { package = "llvc", extra = "cpu" } },
    { name = "torchvision", marker = "extra == 'cu124'", specifier = ">=0.20.1", index = "https://download.pytorch.org/whl/cu124", conflict = { package = "llvc", extra = "cu124" } },
]

[[package]]
name = "markupsafe"
version = "3.0.2"
source = { registry = "https://pypi.org/simple" }
sdist = { url = "https://files.pythonhosted.org/packages/b2/97/5d42485e71dfc078108a86d6de8fa46db44a1a9295e89c5d6d4a06e23a62/markupsafe-3.0.2.tar.gz", hash = "sha256:ee55d3edf80167e48ea11a923c7386f4669df67d7994554387f84e7d8b0a2bf0", size = 20537 }
wheels = [
    { url = "https://files.pythonhosted.org/packages/6b/28/bbf83e3f76936960b850435576dd5e67034e200469571be53f69174a2dfd/MarkupSafe-3.0.2-cp311-cp311-macosx_10_9_universal2.whl", hash = "sha256:9025b4018f3a1314059769c7bf15441064b2207cb3f065e6ea1e7359cb46db9d", size = 14353 },
    { url = "https://files.pythonhosted.org/packages/6c/30/316d194b093cde57d448a4c3209f22e3046c5bb2fb0820b118292b334be7/MarkupSafe-3.0.2-cp311-cp311-macosx_11_0_arm64.whl", hash = "sha256:93335ca3812df2f366e80509ae119189886b0f3c2b81325d39efdb84a1e2ae93", size = 12392 },
    { url = "https://files.pythonhosted.org/packages/f2/96/9cdafba8445d3a53cae530aaf83c38ec64c4d5427d975c974084af5bc5d2/MarkupSafe-3.0.2-cp311-cp311-manylinux_2_17_aarch64.manylinux2014_aarch64.whl", hash = "sha256:2cb8438c3cbb25e220c2ab33bb226559e7afb3baec11c4f218ffa7308603c832", size = 23984 },
    { url = "https://files.pythonhosted.org/packages/f1/a4/aefb044a2cd8d7334c8a47d3fb2c9f328ac48cb349468cc31c20b539305f/MarkupSafe-3.0.2-cp311-cp311-manylinux_2_17_x86_64.manylinux2014_x86_64.whl", hash = "sha256:a123e330ef0853c6e822384873bef7507557d8e4a082961e1defa947aa59ba84", size = 23120 },
    { url = "https://files.pythonhosted.org/packages/8d/21/5e4851379f88f3fad1de30361db501300d4f07bcad047d3cb0449fc51f8c/MarkupSafe-3.0.2-cp311-cp311-manylinux_2_5_i686.manylinux1_i686.manylinux_2_17_i686.manylinux2014_i686.whl", hash = "sha256:1e084f686b92e5b83186b07e8a17fc09e38fff551f3602b249881fec658d3eca", size = 23032 },
    { url = "https://files.pythonhosted.org/packages/00/7b/e92c64e079b2d0d7ddf69899c98842f3f9a60a1ae72657c89ce2655c999d/MarkupSafe-3.0.2-cp311-cp311-musllinux_1_2_aarch64.whl", hash = "sha256:d8213e09c917a951de9d09ecee036d5c7d36cb6cb7dbaece4c71a60d79fb9798", size = 24057 },
    { url = "https://files.pythonhosted.org/packages/f9/ac/46f960ca323037caa0a10662ef97d0a4728e890334fc156b9f9e52bcc4ca/MarkupSafe-3.0.2-cp311-cp311-musllinux_1_2_i686.whl", hash = "sha256:5b02fb34468b6aaa40dfc198d813a641e3a63b98c2b05a16b9f80b7ec314185e", size = 23359 },
    { url = "https://files.pythonhosted.org/packages/69/84/83439e16197337b8b14b6a5b9c2105fff81d42c2a7c5b58ac7b62ee2c3b1/MarkupSafe-3.0.2-cp311-cp311-musllinux_1_2_x86_64.whl", hash = "sha256:0bff5e0ae4ef2e1ae4fdf2dfd5b76c75e5c2fa4132d05fc1b0dabcd20c7e28c4", size = 23306 },
    { url = "https://files.pythonhosted.org/packages/9a/34/a15aa69f01e2181ed8d2b685c0d2f6655d5cca2c4db0ddea775e631918cd/MarkupSafe-3.0.2-cp311-cp311-win32.whl", hash = "sha256:6c89876f41da747c8d3677a2b540fb32ef5715f97b66eeb0c6b66f5e3ef6f59d", size = 15094 },
    { url = "https://files.pythonhosted.org/packages/da/b8/3a3bd761922d416f3dc5d00bfbed11f66b1ab89a0c2b6e887240a30b0f6b/MarkupSafe-3.0.2-cp311-cp311-win_amd64.whl", hash = "sha256:70a87b411535ccad5ef2f1df5136506a10775d267e197e4cf531ced10537bd6b", size = 15521 },
]

[[package]]
name = "mpmath"
version = "1.3.0"
source = { registry = "https://pypi.org/simple" }
sdist = { url = "https://files.pythonhosted.org/packages/e0/47/dd32fa426cc72114383ac549964eecb20ecfd886d1e5ccf5340b55b02f57/mpmath-1.3.0.tar.gz", hash = "sha256:7a28eb2a9774d00c7bc92411c19a89209d5da7c4c9a9e227be8330a23a25b91f", size = 508106 }
wheels = [
    { url = "https://files.pythonhosted.org/packages/43/e3/7d92a15f894aa0c9c4b49b8ee9ac9850d6e63b03c9c32c0367a13ae62209/mpmath-1.3.0-py3-none-any.whl", hash = "sha256:a0b2b9fe80bbcd81a6647ff13108738cfb482d481d826cc0e02f5b35e5c88d2c", size = 536198 },
]

[[package]]
name = "networkx"
version = "3.4.2"
source = { registry = "https://pypi.org/simple" }
sdist = { url = "https://files.pythonhosted.org/packages/fd/1d/06475e1cd5264c0b870ea2cc6fdb3e37177c1e565c43f56ff17a10e3937f/networkx-3.4.2.tar.gz", hash = "sha256:307c3669428c5362aab27c8a1260aa8f47c4e91d3891f48be0141738d8d053e1", size = 2151368 }
wheels = [
    { url = "https://files.pythonhosted.org/packages/b9/54/dd730b32ea14ea797530a4479b2ed46a6fb250f682a9cfb997e968bf0261/networkx-3.4.2-py3-none-any.whl", hash = "sha256:df5d4365b724cf81b8c6a7312509d0c22386097011ad1abe274afd5e9d3bbc5f", size = 1723263 },
]

[[package]]
name = "numpy"
version = "2.2.1"
source = { registry = "https://pypi.org/simple" }
sdist = { url = "https://files.pythonhosted.org/packages/f2/a5/fdbf6a7871703df6160b5cf3dd774074b086d278172285c52c2758b76305/numpy-2.2.1.tar.gz", hash = "sha256:45681fd7128c8ad1c379f0ca0776a8b0c6583d2f69889ddac01559dfe4390918", size = 20227662 }
wheels = [
    { url = "https://files.pythonhosted.org/packages/59/14/645887347124e101d983e1daf95b48dc3e136bf8525cb4257bf9eab1b768/numpy-2.2.1-cp311-cp311-macosx_10_9_x86_64.whl", hash = "sha256:40f9e544c1c56ba8f1cf7686a8c9b5bb249e665d40d626a23899ba6d5d9e1484", size = 21217379 },
    { url = "https://files.pythonhosted.org/packages/9f/fd/2279000cf29f58ccfd3778cbf4670dfe3f7ce772df5e198c5abe9e88b7d7/numpy-2.2.1-cp311-cp311-macosx_11_0_arm64.whl", hash = "sha256:f9b57eaa3b0cd8db52049ed0330747b0364e899e8a606a624813452b8203d5f7", size = 14388520 },
    { url = "https://files.pythonhosted.org/packages/58/b0/034eb5d5ba12d66ab658ff3455a31f20add0b78df8203c6a7451bd1bee21/numpy-2.2.1-cp311-cp311-macosx_14_0_arm64.whl", hash = "sha256:bc8a37ad5b22c08e2dbd27df2b3ef7e5c0864235805b1e718a235bcb200cf1cb", size = 5389286 },
    { url = "https://files.pythonhosted.org/packages/5d/69/6f3cccde92e82e7835fdb475c2bf439761cbf8a1daa7c07338e1e132dfec/numpy-2.2.1-cp311-cp311-macosx_14_0_x86_64.whl", hash = "sha256:9036d6365d13b6cbe8f27a0eaf73ddcc070cae584e5ff94bb45e3e9d729feab5", size = 6930345 },
    { url = "https://files.pythonhosted.org/packages/d1/72/1cd38e91ab563e67f584293fcc6aca855c9ae46dba42e6b5ff4600022899/numpy-2.2.1-cp311-cp311-manylinux_2_17_aarch64.manylinux2014_aarch64.whl", hash = "sha256:51faf345324db860b515d3f364eaa93d0e0551a88d6218a7d61286554d190d73", size = 14335748 },
    { url = "https://files.pythonhosted.org/packages/f2/d4/f999444e86986f3533e7151c272bd8186c55dda554284def18557e013a2a/numpy-2.2.1-cp311-cp311-manylinux_2_17_x86_64.manylinux2014_x86_64.whl", hash = "sha256:38efc1e56b73cc9b182fe55e56e63b044dd26a72128fd2fbd502f75555d92591", size = 16391057 },
    { url = "https://files.pythonhosted.org/packages/99/7b/85cef6a3ae1b19542b7afd97d0b296526b6ef9e3c43ea0c4d9c4404fb2d0/numpy-2.2.1-cp311-cp311-musllinux_1_2_aarch64.whl", hash = "sha256:31b89fa67a8042e96715c68e071a1200c4e172f93b0fbe01a14c0ff3ff820fc8", size = 15556943 },
    { url = "https://files.pythonhosted.org/packages/69/7e/b83cc884c3508e91af78760f6b17ab46ad649831b1fa35acb3eb26d9e6d2/numpy-2.2.1-cp311-cp311-musllinux_1_2_x86_64.whl", hash = "sha256:4c86e2a209199ead7ee0af65e1d9992d1dce7e1f63c4b9a616500f93820658d0", size = 18180785 },
    { url = "https://files.pythonhosted.org/packages/b2/9f/eb4a9a38867de059dcd4b6e18d47c3867fbd3795d4c9557bb49278f94087/numpy-2.2.1-cp311-cp311-win32.whl", hash = "sha256:b34d87e8a3090ea626003f87f9392b3929a7bbf4104a05b6667348b6bd4bf1cd", size = 6568983 },
    { url = "https://files.pythonhosted.org/packages/6d/1e/be3b9f3073da2f8c7fa361fcdc231b548266b0781029fdbaf75eeab997fd/numpy-2.2.1-cp311-cp311-win_amd64.whl", hash = "sha256:360137f8fb1b753c5cde3ac388597ad680eccbbbb3865ab65efea062c4a1fd16", size = 12917260 },
]

[[package]]
name = "nvidia-cublas-cu12"
version = "12.4.5.8"
source = { registry = "https://pypi.org/simple" }
wheels = [
    { url = "https://files.pythonhosted.org/packages/7f/7f/7fbae15a3982dc9595e49ce0f19332423b260045d0a6afe93cdbe2f1f624/nvidia_cublas_cu12-12.4.5.8-py3-none-manylinux2014_aarch64.whl", hash = "sha256:0f8aa1706812e00b9f19dfe0cdb3999b092ccb8ca168c0db5b8ea712456fd9b3", size = 363333771 },
    { url = "https://files.pythonhosted.org/packages/ae/71/1c91302526c45ab494c23f61c7a84aa568b8c1f9d196efa5993957faf906/nvidia_cublas_cu12-12.4.5.8-py3-none-manylinux2014_x86_64.whl", hash = "sha256:2fc8da60df463fdefa81e323eef2e36489e1c94335b5358bcb38360adf75ac9b", size = 363438805 },
    { url = "https://files.pythonhosted.org/packages/e2/2a/4f27ca96232e8b5269074a72e03b4e0d43aa68c9b965058b1684d07c6ff8/nvidia_cublas_cu12-12.4.5.8-py3-none-win_amd64.whl", hash = "sha256:5a796786da89203a0657eda402bcdcec6180254a8ac22d72213abc42069522dc", size = 396895858 },
]

[[package]]
name = "nvidia-cuda-cupti-cu12"
version = "12.4.127"
source = { registry = "https://pypi.org/simple" }
wheels = [
    { url = "https://files.pythonhosted.org/packages/93/b5/9fb3d00386d3361b03874246190dfec7b206fd74e6e287b26a8fcb359d95/nvidia_cuda_cupti_cu12-12.4.127-py3-none-manylinux2014_aarch64.whl", hash = "sha256:79279b35cf6f91da114182a5ce1864997fd52294a87a16179ce275773799458a", size = 12354556 },
    { url = "https://files.pythonhosted.org/packages/67/42/f4f60238e8194a3106d06a058d494b18e006c10bb2b915655bd9f6ea4cb1/nvidia_cuda_cupti_cu12-12.4.127-py3-none-manylinux2014_x86_64.whl", hash = "sha256:9dec60f5ac126f7bb551c055072b69d85392b13311fcc1bcda2202d172df30fb", size = 13813957 },
    { url = "https://files.pythonhosted.org/packages/f3/79/8cf313ec17c58ccebc965568e5bcb265cdab0a1df99c4e674bb7a3b99bfe/nvidia_cuda_cupti_cu12-12.4.127-py3-none-win_amd64.whl", hash = "sha256:5688d203301ab051449a2b1cb6690fbe90d2b372f411521c86018b950f3d7922", size = 9938035 },
]

[[package]]
name = "nvidia-cuda-nvrtc-cu12"
version = "12.4.127"
source = { registry = "https://pypi.org/simple" }
wheels = [
    { url = "https://files.pythonhosted.org/packages/77/aa/083b01c427e963ad0b314040565ea396f914349914c298556484f799e61b/nvidia_cuda_nvrtc_cu12-12.4.127-py3-none-manylinux2014_aarch64.whl", hash = "sha256:0eedf14185e04b76aa05b1fea04133e59f465b6f960c0cbf4e37c3cb6b0ea198", size = 24133372 },
    { url = "https://files.pythonhosted.org/packages/2c/14/91ae57cd4db3f9ef7aa99f4019cfa8d54cb4caa7e00975df6467e9725a9f/nvidia_cuda_nvrtc_cu12-12.4.127-py3-none-manylinux2014_x86_64.whl", hash = "sha256:a178759ebb095827bd30ef56598ec182b85547f1508941a3d560eb7ea1fbf338", size = 24640306 },
    { url = "https://files.pythonhosted.org/packages/7c/30/8c844bfb770f045bcd8b2c83455c5afb45983e1a8abf0c4e5297b481b6a5/nvidia_cuda_nvrtc_cu12-12.4.127-py3-none-win_amd64.whl", hash = "sha256:a961b2f1d5f17b14867c619ceb99ef6fcec12e46612711bcec78eb05068a60ec", size = 19751955 },
]

[[package]]
name = "nvidia-cuda-runtime-cu12"
version = "12.4.127"
source = { registry = "https://pypi.org/simple" }
wheels = [
    { url = "https://files.pythonhosted.org/packages/a1/aa/b656d755f474e2084971e9a297def515938d56b466ab39624012070cb773/nvidia_cuda_runtime_cu12-12.4.127-py3-none-manylinux2014_aarch64.whl", hash = "sha256:961fe0e2e716a2a1d967aab7caee97512f71767f852f67432d572e36cb3a11f3", size = 894177 },
    { url = "https://files.pythonhosted.org/packages/ea/27/1795d86fe88ef397885f2e580ac37628ed058a92ed2c39dc8eac3adf0619/nvidia_cuda_runtime_cu12-12.4.127-py3-none-manylinux2014_x86_64.whl", hash = "sha256:64403288fa2136ee8e467cdc9c9427e0434110899d07c779f25b5c068934faa5", size = 883737 },
    { url = "https://files.pythonhosted.org/packages/a8/8b/450e93fab75d85a69b50ea2d5fdd4ff44541e0138db16f9cd90123ef4de4/nvidia_cuda_runtime_cu12-12.4.127-py3-none-win_amd64.whl", hash = "sha256:09c2e35f48359752dfa822c09918211844a3d93c100a715d79b59591130c5e1e", size = 878808 },
]

[[package]]
name = "nvidia-cudnn-cu12"
version = "9.1.0.70"
source = { registry = "https://pypi.org/simple" }
dependencies = [
    { name = "nvidia-cublas-cu12", marker = "sys_platform != 'darwin'" },
]
wheels = [
    { url = "https://files.pythonhosted.org/packages/9f/fd/713452cd72343f682b1c7b9321e23829f00b842ceaedcda96e742ea0b0b3/nvidia_cudnn_cu12-9.1.0.70-py3-none-manylinux2014_x86_64.whl", hash = "sha256:165764f44ef8c61fcdfdfdbe769d687e06374059fbb388b6c89ecb0e28793a6f", size = 664752741 },
    { url = "https://files.pythonhosted.org/packages/3f/d0/f90ee6956a628f9f04bf467932c0a25e5a7e706a684b896593c06c82f460/nvidia_cudnn_cu12-9.1.0.70-py3-none-win_amd64.whl", hash = "sha256:6278562929433d68365a07a4a1546c237ba2849852c0d4b2262a486e805b977a", size = 679925892 },
]

[[package]]
name = "nvidia-cufft-cu12"
version = "11.2.1.3"
source = { registry = "https://pypi.org/simple" }
dependencies = [
    { name = "nvidia-nvjitlink-cu12", marker = "sys_platform != 'darwin'" },
]
wheels = [
    { url = "https://files.pythonhosted.org/packages/7a/8a/0e728f749baca3fbeffad762738276e5df60851958be7783af121a7221e7/nvidia_cufft_cu12-11.2.1.3-py3-none-manylinux2014_aarch64.whl", hash = "sha256:5dad8008fc7f92f5ddfa2101430917ce2ffacd86824914c82e28990ad7f00399", size = 211422548 },
    { url = "https://files.pythonhosted.org/packages/27/94/3266821f65b92b3138631e9c8e7fe1fb513804ac934485a8d05776e1dd43/nvidia_cufft_cu12-11.2.1.3-py3-none-manylinux2014_x86_64.whl", hash = "sha256:f083fc24912aa410be21fa16d157fed2055dab1cc4b6934a0e03cba69eb242b9", size = 211459117 },
    { url = "https://files.pythonhosted.org/packages/f6/ee/3f3f8e9874f0be5bbba8fb4b62b3de050156d159f8b6edc42d6f1074113b/nvidia_cufft_cu12-11.2.1.3-py3-none-win_amd64.whl", hash = "sha256:d802f4954291101186078ccbe22fc285a902136f974d369540fd4a5333d1440b", size = 210576476 },
]

[[package]]
name = "nvidia-curand-cu12"
version = "10.3.5.147"
source = { registry = "https://pypi.org/simple" }
wheels = [
    { url = "https://files.pythonhosted.org/packages/80/9c/a79180e4d70995fdf030c6946991d0171555c6edf95c265c6b2bf7011112/nvidia_curand_cu12-10.3.5.147-py3-none-manylinux2014_aarch64.whl", hash = "sha256:1f173f09e3e3c76ab084aba0de819c49e56614feae5c12f69883f4ae9bb5fad9", size = 56314811 },
    { url = "https://files.pythonhosted.org/packages/8a/6d/44ad094874c6f1b9c654f8ed939590bdc408349f137f9b98a3a23ccec411/nvidia_curand_cu12-10.3.5.147-py3-none-manylinux2014_x86_64.whl", hash = "sha256:a88f583d4e0bb643c49743469964103aa59f7f708d862c3ddb0fc07f851e3b8b", size = 56305206 },
    { url = "https://files.pythonhosted.org/packages/1c/22/2573503d0d4e45673c263a313f79410e110eb562636b0617856fdb2ff5f6/nvidia_curand_cu12-10.3.5.147-py3-none-win_amd64.whl", hash = "sha256:f307cc191f96efe9e8f05a87096abc20d08845a841889ef78cb06924437f6771", size = 55799918 },
]

[[package]]
name = "nvidia-cusolver-cu12"
version = "11.6.1.9"
source = { registry = "https://pypi.org/simple" }
dependencies = [
    { name = "nvidia-cublas-cu12", marker = "sys_platform != 'darwin'" },
    { name = "nvidia-cusparse-cu12", marker = "sys_platform != 'darwin'" },
    { name = "nvidia-nvjitlink-cu12", marker = "sys_platform != 'darwin'" },
]
wheels = [
    { url = "https://files.pythonhosted.org/packages/46/6b/a5c33cf16af09166845345275c34ad2190944bcc6026797a39f8e0a282e0/nvidia_cusolver_cu12-11.6.1.9-py3-none-manylinux2014_aarch64.whl", hash = "sha256:d338f155f174f90724bbde3758b7ac375a70ce8e706d70b018dd3375545fc84e", size = 127634111 },
    { url = "https://files.pythonhosted.org/packages/3a/e1/5b9089a4b2a4790dfdea8b3a006052cfecff58139d5a4e34cb1a51df8d6f/nvidia_cusolver_cu12-11.6.1.9-py3-none-manylinux2014_x86_64.whl", hash = "sha256:19e33fa442bcfd085b3086c4ebf7e8debc07cfe01e11513cc6d332fd918ac260", size = 127936057 },
    { url = "https://files.pythonhosted.org/packages/f2/be/d435b7b020e854d5d5a682eb5de4328fd62f6182507406f2818280e206e2/nvidia_cusolver_cu12-11.6.1.9-py3-none-win_amd64.whl", hash = "sha256:e77314c9d7b694fcebc84f58989f3aa4fb4cb442f12ca1a9bde50f5e8f6d1b9c", size = 125224015 },
]

[[package]]
name = "nvidia-cusparse-cu12"
version = "12.3.1.170"
source = { registry = "https://pypi.org/simple" }
dependencies = [
    { name = "nvidia-nvjitlink-cu12", marker = "sys_platform != 'darwin'" },
]
wheels = [
    { url = "https://files.pythonhosted.org/packages/96/a9/c0d2f83a53d40a4a41be14cea6a0bf9e668ffcf8b004bd65633f433050c0/nvidia_cusparse_cu12-12.3.1.170-py3-none-manylinux2014_aarch64.whl", hash = "sha256:9d32f62896231ebe0480efd8a7f702e143c98cfaa0e8a76df3386c1ba2b54df3", size = 207381987 },
    { url = "https://files.pythonhosted.org/packages/db/f7/97a9ea26ed4bbbfc2d470994b8b4f338ef663be97b8f677519ac195e113d/nvidia_cusparse_cu12-12.3.1.170-py3-none-manylinux2014_x86_64.whl", hash = "sha256:ea4f11a2904e2a8dc4b1833cc1b5181cde564edd0d5cd33e3c168eff2d1863f1", size = 207454763 },
    { url = "https://files.pythonhosted.org/packages/a2/e0/3155ca539760a8118ec94cc279b34293309bcd14011fc724f87f31988843/nvidia_cusparse_cu12-12.3.1.170-py3-none-win_amd64.whl", hash = "sha256:9bc90fb087bc7b4c15641521f31c0371e9a612fc2ba12c338d3ae032e6b6797f", size = 204684315 },
]

[[package]]
name = "nvidia-nccl-cu12"
version = "2.21.5"
source = { registry = "https://pypi.org/simple" }
wheels = [
    { url = "https://files.pythonhosted.org/packages/df/99/12cd266d6233f47d00daf3a72739872bdc10267d0383508b0b9c84a18bb6/nvidia_nccl_cu12-2.21.5-py3-none-manylinux2014_x86_64.whl", hash = "sha256:8579076d30a8c24988834445f8d633c697d42397e92ffc3f63fa26766d25e0a0", size = 188654414 },
]

[[package]]
name = "nvidia-nvjitlink-cu12"
version = "12.4.127"
source = { registry = "https://pypi.org/simple" }
wheels = [
    { url = "https://files.pythonhosted.org/packages/02/45/239d52c05074898a80a900f49b1615d81c07fceadd5ad6c4f86a987c0bc4/nvidia_nvjitlink_cu12-12.4.127-py3-none-manylinux2014_aarch64.whl", hash = "sha256:4abe7fef64914ccfa909bc2ba39739670ecc9e820c83ccc7a6ed414122599b83", size = 20552510 },
    { url = "https://files.pythonhosted.org/packages/ff/ff/847841bacfbefc97a00036e0fce5a0f086b640756dc38caea5e1bb002655/nvidia_nvjitlink_cu12-12.4.127-py3-none-manylinux2014_x86_64.whl", hash = "sha256:06b3b9b25bf3f8af351d664978ca26a16d2c5127dbd53c0497e28d1fb9611d57", size = 21066810 },
    { url = "https://files.pythonhosted.org/packages/81/19/0babc919031bee42620257b9a911c528f05fb2688520dcd9ca59159ffea8/nvidia_nvjitlink_cu12-12.4.127-py3-none-win_amd64.whl", hash = "sha256:fd9020c501d27d135f983c6d3e244b197a7ccad769e34df53a42e276b0e25fa1", size = 95336325 },
]

[[package]]
name = "nvidia-nvtx-cu12"
version = "12.4.127"
source = { registry = "https://pypi.org/simple" }
wheels = [
    { url = "https://files.pythonhosted.org/packages/06/39/471f581edbb7804b39e8063d92fc8305bdc7a80ae5c07dbe6ea5c50d14a5/nvidia_nvtx_cu12-12.4.127-py3-none-manylinux2014_aarch64.whl", hash = "sha256:7959ad635db13edf4fc65c06a6e9f9e55fc2f92596db928d169c0bb031e88ef3", size = 100417 },
    { url = "https://files.pythonhosted.org/packages/87/20/199b8713428322a2f22b722c62b8cc278cc53dffa9705d744484b5035ee9/nvidia_nvtx_cu12-12.4.127-py3-none-manylinux2014_x86_64.whl", hash = "sha256:781e950d9b9f60d8241ccea575b32f5105a5baf4c2351cab5256a24869f12a1a", size = 99144 },
    { url = "https://files.pythonhosted.org/packages/54/1b/f77674fbb73af98843be25803bbd3b9a4f0a96c75b8d33a2854a5c7d2d77/nvidia_nvtx_cu12-12.4.127-py3-none-win_amd64.whl", hash = "sha256:641dccaaa1139f3ffb0d3164b4b84f9d253397e38246a4f2f36728b48566d485", size = 66307 },
]

[[package]]
name = "pillow"
version = "11.0.0"
source = { registry = "https://pypi.org/simple" }
sdist = { url = "https://files.pythonhosted.org/packages/a5/26/0d95c04c868f6bdb0c447e3ee2de5564411845e36a858cfd63766bc7b563/pillow-11.0.0.tar.gz", hash = "sha256:72bacbaf24ac003fea9bff9837d1eedb6088758d41e100c1552930151f677739", size = 46737780 }
wheels = [
    { url = "https://files.pythonhosted.org/packages/f0/eb/f7e21b113dd48a9c97d364e0915b3988c6a0b6207652f5a92372871b7aa4/pillow-11.0.0-cp311-cp311-macosx_10_10_x86_64.whl", hash = "sha256:1c1d72714f429a521d8d2d018badc42414c3077eb187a59579f28e4270b4b0fc", size = 3154705 },
    { url = "https://files.pythonhosted.org/packages/25/b3/2b54a1d541accebe6bd8b1358b34ceb2c509f51cb7dcda8687362490da5b/pillow-11.0.0-cp311-cp311-macosx_11_0_arm64.whl", hash = "sha256:499c3a1b0d6fc8213519e193796eb1a86a1be4b1877d678b30f83fd979811d1a", size = 2979222 },
    { url = "https://files.pythonhosted.org/packages/20/12/1a41eddad8265c5c19dda8fb6c269ce15ee25e0b9f8f26286e6202df6693/pillow-11.0.0-cp311-cp311-manylinux_2_17_aarch64.manylinux2014_aarch64.whl", hash = "sha256:c8b2351c85d855293a299038e1f89db92a2f35e8d2f783489c6f0b2b5f3fe8a3", size = 4190220 },
    { url = "https://files.pythonhosted.org/packages/a9/9b/8a8c4d07d77447b7457164b861d18f5a31ae6418ef5c07f6f878fa09039a/pillow-11.0.0-cp311-cp311-manylinux_2_17_x86_64.manylinux2014_x86_64.whl", hash = "sha256:6f4dba50cfa56f910241eb7f883c20f1e7b1d8f7d91c750cd0b318bad443f4d5", size = 4291399 },
    { url = "https://files.pythonhosted.org/packages/fc/e4/130c5fab4a54d3991129800dd2801feeb4b118d7630148cd67f0e6269d4c/pillow-11.0.0-cp311-cp311-manylinux_2_28_aarch64.whl", hash = "sha256:5ddbfd761ee00c12ee1be86c9c0683ecf5bb14c9772ddbd782085779a63dd55b", size = 4202709 },
    { url = "https://files.pythonhosted.org/packages/39/63/b3fc299528d7df1f678b0666002b37affe6b8751225c3d9c12cf530e73ed/pillow-11.0.0-cp311-cp311-manylinux_2_28_x86_64.whl", hash = "sha256:45c566eb10b8967d71bf1ab8e4a525e5a93519e29ea071459ce517f6b903d7fa", size = 4372556 },
    { url = "https://files.pythonhosted.org/packages/c6/a6/694122c55b855b586c26c694937d36bb8d3b09c735ff41b2f315c6e66a10/pillow-11.0.0-cp311-cp311-musllinux_1_2_aarch64.whl", hash = "sha256:b4fd7bd29610a83a8c9b564d457cf5bd92b4e11e79a4ee4716a63c959699b306", size = 4287187 },
    { url = "https://files.pythonhosted.org/packages/ba/a9/f9d763e2671a8acd53d29b1e284ca298bc10a595527f6be30233cdb9659d/pillow-11.0.0-cp311-cp311-musllinux_1_2_x86_64.whl", hash = "sha256:cb929ca942d0ec4fac404cbf520ee6cac37bf35be479b970c4ffadf2b6a1cad9", size = 4418468 },
    { url = "https://files.pythonhosted.org/packages/6e/0e/b5cbad2621377f11313a94aeb44ca55a9639adabcaaa073597a1925f8c26/pillow-11.0.0-cp311-cp311-win32.whl", hash = "sha256:006bcdd307cc47ba43e924099a038cbf9591062e6c50e570819743f5607404f5", size = 2249249 },
    { url = "https://files.pythonhosted.org/packages/dc/83/1470c220a4ff06cd75fc609068f6605e567ea51df70557555c2ab6516b2c/pillow-11.0.0-cp311-cp311-win_amd64.whl", hash = "sha256:52a2d8323a465f84faaba5236567d212c3668f2ab53e1c74c15583cf507a0291", size = 2566769 },
    { url = "https://files.pythonhosted.org/packages/52/98/def78c3a23acee2bcdb2e52005fb2810ed54305602ec1bfcfab2bda6f49f/pillow-11.0.0-cp311-cp311-win_arm64.whl", hash = "sha256:16095692a253047fe3ec028e951fa4221a1f3ed3d80c397e83541a3037ff67c9", size = 2254611 },
]

[[package]]
name = "pycparser"
version = "2.22"
source = { registry = "https://pypi.org/simple" }
sdist = { url = "https://files.pythonhosted.org/packages/1d/b2/31537cf4b1ca988837256c910a668b553fceb8f069bedc4b1c826024b52c/pycparser-2.22.tar.gz", hash = "sha256:491c8be9c040f5390f5bf44a5b07752bd07f56edf992381b05c701439eec10f6", size = 172736 }
wheels = [
    { url = "https://files.pythonhosted.org/packages/13/a3/a812df4e2dd5696d1f351d58b8fe16a405b234ad2886a0dab9183fb78109/pycparser-2.22-py3-none-any.whl", hash = "sha256:c3702b6d3dd8c7abc1afa565d7e63d53a1d0bd86cdc24edd75470f4de499cfcc", size = 117552 },
]

[[package]]
name = "sounddevice"
version = "0.5.1"
source = { registry = "https://pypi.org/simple" }
dependencies = [
    { name = "cffi" },
]
sdist = { url = "https://files.pythonhosted.org/packages/80/2d/b04ae180312b81dbb694504bee170eada5372242e186f6298139fd3a0513/sounddevice-0.5.1.tar.gz", hash = "sha256:09ca991daeda8ce4be9ac91e15a9a81c8f81efa6b695a348c9171ea0c16cb041", size = 52896 }
wheels = [
    { url = "https://files.pythonhosted.org/packages/06/d1/464b5fca3decdd0cfec8c47f7b4161a0b12972453201c1bf03811f367c5e/sounddevice-0.5.1-py3-none-any.whl", hash = "sha256:e2017f182888c3f3c280d9fbac92e5dbddac024a7e3442f6e6116bd79dab8a9c", size = 32276 },
    { url = "https://files.pythonhosted.org/packages/6f/f6/6703fe7cf3d7b7279040c792aeec6334e7305956aba4a80f23e62c8fdc44/sounddevice-0.5.1-py3-none-macosx_10_6_x86_64.macosx_10_6_universal2.whl", hash = "sha256:d16cb23d92322526a86a9490c427bf8d49e273d9ccc0bd096feecd229cde6031", size = 107916 },
    { url = "https://files.pythonhosted.org/packages/57/a5/78a5e71f5ec0faedc54f4053775d61407bfbd7d0c18228c7f3d4252fd276/sounddevice-0.5.1-py3-none-win32.whl", hash = "sha256:d84cc6231526e7a08e89beff229c37f762baefe5e0cc2747cbe8e3a565470055", size = 312494 },
    { url = "https://files.pythonhosted.org/packages/af/9b/15217b04f3b36d30de55fef542389d722de63f1ad81f9c72d8afc98cb6ab/sounddevice-0.5.1-py3-none-win_amd64.whl", hash = "sha256:4313b63f2076552b23ac3e0abd3bcfc0c1c6a696fc356759a13bd113c9df90f1", size = 363634 },
]

[[package]]
name = "sympy"
version = "1.13.1"
source = { registry = "https://pypi.org/simple" }
dependencies = [
    { name = "mpmath" },
]
sdist = { url = "https://files.pythonhosted.org/packages/ca/99/5a5b6f19ff9f083671ddf7b9632028436167cd3d33e11015754e41b249a4/sympy-1.13.1.tar.gz", hash = "sha256:9cebf7e04ff162015ce31c9c6c9144daa34a93bd082f54fd8f12deca4f47515f", size = 7533040 }
wheels = [
    { url = "https://files.pythonhosted.org/packages/b2/fe/81695a1aa331a842b582453b605175f419fe8540355886031328089d840a/sympy-1.13.1-py3-none-any.whl", hash = "sha256:db36cdc64bf61b9b24578b6f7bab1ecdd2452cf008f34faa33776680c26d66f8", size = 6189177 },
]

[[package]]
name = "torch"
version = "2.5.1"
source = { registry = "https://download.pytorch.org/whl/cpu" }
resolution-markers = [
    "sys_platform == 'darwin'",
]
dependencies = [
    { name = "filelock", marker = "sys_platform == 'darwin'" },
    { name = "fsspec", marker = "sys_platform == 'darwin'" },
    { name = "jinja2", marker = "sys_platform == 'darwin'" },
    { name = "networkx", marker = "sys_platform == 'darwin'" },
    { name = "sympy", marker = "sys_platform == 'darwin'" },
    { name = "typing-extensions", marker = "sys_platform == 'darwin'" },
]
wheels = [
    { url = "https://download.pytorch.org/whl/cpu/torch-2.5.1-cp311-cp311-manylinux_2_17_aarch64.manylinux2014_aarch64.whl", hash = "sha256:d5b3203f191bc40783c99488d2e776dcf93ac431a59491d627a1ca5b3ae20b22" },
    { url = "https://download.pytorch.org/whl/cpu/torch-2.5.1-cp311-none-macosx_11_0_arm64.whl", hash = "sha256:31f8c39660962f9ae4eeec995e3049b5492eb7360dd4f07377658ef4d728fa4c" },
]

[[package]]
name = "torch"
version = "2.5.1+cpu"
source = { registry = "https://download.pytorch.org/whl/cpu" }
resolution-markers = [
    "sys_platform != 'darwin'",
]
dependencies = [
    { name = "filelock", marker = "sys_platform != 'darwin'" },
    { name = "fsspec", marker = "sys_platform != 'darwin'" },
    { name = "jinja2", marker = "sys_platform != 'darwin'" },
    { name = "networkx", marker = "sys_platform != 'darwin'" },
    { name = "sympy", marker = "sys_platform != 'darwin'" },
    { name = "typing-extensions", marker = "sys_platform != 'darwin'" },
]
wheels = [
    { url = "https://download.pytorch.org/whl/cpu/torch-2.5.1%2Bcpu-cp311-cp311-linux_x86_64.whl", hash = "sha256:07d7c9e069123d5af08b0cf0013d74f680b2d8be7d9e2cf561a52c90c55d9409" },
    { url = "https://download.pytorch.org/whl/cpu/torch-2.5.1%2Bcpu-cp311-cp311-win_amd64.whl", hash = "sha256:81531d4d5ca74163dc9574b87396531e546a60cceb6253303c7db6a21e867fdf" },
]

[[package]]
name = "torch"
version = "2.5.1+cu124"
source = { registry = "https://download.pytorch.org/whl/cu124" }
resolution-markers = [
    "sys_platform != 'darwin'",
    "sys_platform == 'darwin'",
]
dependencies = [
    { name = "filelock" },
    { name = "fsspec" },
    { name = "jinja2" },
    { name = "networkx" },
    { name = "nvidia-cublas-cu12", marker = "platform_machine == 'x86_64' and sys_platform == 'linux'" },
    { name = "nvidia-cuda-cupti-cu12", marker = "platform_machine == 'x86_64' and sys_platform == 'linux'" },
    { name = "nvidia-cuda-nvrtc-cu12", marker = "platform_machine == 'x86_64' and sys_platform == 'linux'" },
    { name = "nvidia-cuda-runtime-cu12", marker = "platform_machine == 'x86_64' and sys_platform == 'linux'" },
    { name = "nvidia-cudnn-cu12", marker = "platform_machine == 'x86_64' and sys_platform == 'linux'" },
    { name = "nvidia-cufft-cu12", marker = "platform_machine == 'x86_64' and sys_platform == 'linux'" },
    { name = "nvidia-curand-cu12", marker = "platform_machine == 'x86_64' and sys_platform == 'linux'" },
    { name = "nvidia-cusolver-cu12", marker = "platform_machine == 'x86_64' and sys_platform == 'linux'" },
    { name = "nvidia-cusparse-cu12", marker = "platform_machine == 'x86_64' and sys_platform == 'linux'" },
    { name = "nvidia-nccl-cu12", marker = "platform_machine == 'x86_64' and sys_platform == 'linux'" },
    { name = "nvidia-nvjitlink-cu12", marker = "platform_machine == 'x86_64' and sys_platform == 'linux'" },
    { name = "nvidia-nvtx-cu12", marker = "platform_machine == 'x86_64' and sys_platform == 'linux'" },
    { name = "sympy" },
    { name = "triton", marker = "platform_machine == 'x86_64' and sys_platform == 'linux'" },
    { name = "typing-extensions" },
]
wheels = [
    { url = "https://download.pytorch.org/whl/cu124/torch-2.5.1%2Bcu124-cp311-cp311-linux_x86_64.whl", hash = "sha256:6b2966ede9affe2fd69e0765691ca723ec870e0c34c7761f4d5b8e318383fdaf" },
    { url = "https://download.pytorch.org/whl/cu124/torch-2.5.1%2Bcu124-cp311-cp311-win_amd64.whl", hash = "sha256:6c8a7003ef1327479ede284b6e5ab3527d3900c2b2d401af15bcc50f2245a59f" },
]

[[package]]
name = "torchvision"
version = "0.20.1"
source = { registry = "https://download.pytorch.org/whl/cpu" }
resolution-markers = [
    "sys_platform == 'darwin'",
]
dependencies = [
    { name = "numpy", marker = "sys_platform == 'darwin'" },
    { name = "pillow", marker = "sys_platform == 'darwin'" },
    { name = "torch", version = "2.5.1", source = { registry = "https://download.pytorch.org/whl/cpu" }, marker = "sys_platform == 'darwin'" },
]
wheels = [
    { url = "https://download.pytorch.org/whl/cpu/torchvision-0.20.1-cp311-cp311-linux_aarch64.whl", hash = "sha256:a40d766345927639da322c693934e5f91b1ba2218846c7104b868dea2314ce8e" },
    { url = "https://download.pytorch.org/whl/cpu/torchvision-0.20.1-cp311-cp311-macosx_11_0_arm64.whl", hash = "sha256:344b339e15e6bbb59ee0700772616d0afefd209920c762b1604368d8c3458322" },
]

[[package]]
name = "torchvision"
version = "0.20.1+cpu"
source = { registry = "https://download.pytorch.org/whl/cpu" }
resolution-markers = [
    "sys_platform != 'darwin'",
]
dependencies = [
    { name = "numpy", marker = "sys_platform != 'darwin'" },
    { name = "pillow", marker = "sys_platform != 'darwin'" },
    { name = "torch", version = "2.5.1+cpu", source = { registry = "https://download.pytorch.org/whl/cpu" }, marker = "sys_platform != 'darwin'" },
]
wheels = [
    { url = "https://download.pytorch.org/whl/cpu/torchvision-0.20.1%2Bcpu-cp311-cp311-linux_x86_64.whl", hash = "sha256:a4153bcc9f6219596c65761aa00588704e91e3db91d911c251e614f6140ed047" },
    { url = "https://download.pytorch.org/whl/cpu/torchvision-0.20.1%2Bcpu-cp311-cp311-win_amd64.whl", hash = "sha256:ebdeb19a49da0b5d11cc512a76b24a43971e17cfb9c1ec42564d0e300670d5fa" },
]

[[package]]
name = "torchvision"
version = "0.20.1+cu124"
source = { registry = "https://download.pytorch.org/whl/cu124" }
resolution-markers = [
    "sys_platform != 'darwin'",
    "sys_platform == 'darwin'",
]
dependencies = [
    { name = "numpy" },
    { name = "pillow" },
    { name = "torch", version = "2.5.1+cu124", source = { registry = "https://download.pytorch.org/whl/cu124" } },
]
wheels = [
    { url = "https://download.pytorch.org/whl/cu124/torchvision-0.20.1%2Bcu124-cp311-cp311-linux_x86_64.whl", hash = "sha256:a5f7eb5ef22f34a7d18fcbc27b6c01f7dde5cd530df311cdbdd31169f91cbd98" },
    { url = "https://download.pytorch.org/whl/cu124/torchvision-0.20.1%2Bcu124-cp311-cp311-win_amd64.whl", hash = "sha256:15796b453a99ed0f0cbc249d129685ddc88157310135fb3addaf738a15db5306" },
]

[[package]]
name = "triton"
version = "3.1.0"
source = { registry = "https://pypi.org/simple" }
dependencies = [
    { name = "filelock", marker = "sys_platform != 'darwin'" },
]
wheels = [
    { url = "https://files.pythonhosted.org/packages/86/17/d9a5cf4fcf46291856d1e90762e36cbabd2a56c7265da0d1d9508c8e3943/triton-3.1.0-cp311-cp311-manylinux_2_17_x86_64.manylinux2014_x86_64.whl", hash = "sha256:0f34f6e7885d1bf0eaaf7ba875a5f0ce6f3c13ba98f9503651c1e6dc6757ed5c", size = 209506424 },
]

[[package]]
name = "typing-extensions"
version = "4.12.2"
source = { registry = "https://pypi.org/simple" }
sdist = { url = "https://files.pythonhosted.org/packages/df/db/f35a00659bc03fec321ba8bce9420de607a1d37f8342eee1863174c69557/typing_extensions-4.12.2.tar.gz", hash = "sha256:1a7ead55c7e559dd4dee8856e3a88b41225abfe1ce8df57b7c13915fe121ffb8", size = 85321 }
wheels = [
    { url = "https://files.pythonhosted.org/packages/26/9f/ad63fc0248c5379346306f8668cda6e2e2e9c95e01216d2b8ffd9ff037d0/typing_extensions-4.12.2-py3-none-any.whl", hash = "sha256:04e5ca0351e0f3f85c6853954072df659d0d13fac324d0072316b67d7794700d", size = 37438 },
]
